
Microsoft Visual Studio Solution File, Format Version 12.00
# Visual Studio Version 17
VisualStudioVersion = 17.10.35004.147
MinimumVisualStudioVersion = 10.0.40219.1
Project("{F184B08F-C81C-45F6-A57F-5ABD9991F28F}") = "Page2", "Page2\Page2.vbproj", "{E4473AEC-F94B-494A-BCB5-6A3A25533784}"
EndProject
Global
	GlobalSection(SolutionConfigurationPlatforms) = preSolution
		Debug|Any CPU = Debug|Any CPU
		Release|Any CPU = Release|Any CPU
	EndGlobalSection
	GlobalSection(ProjectConfigurationPlatforms) = postSolution
		{E4473AEC-F94B-494A-BCB5-6A3A25533784}.Debug|Any CPU.ActiveCfg = Debug|Any CPU
		{E4473AEC-F94B-494A-BCB5-6A3A25533784}.Debug|Any CPU.Build.0 = Debug|Any CPU
		{E4473AEC-F94B-494A-BCB5-6A3A25533784}.Release|Any CPU.ActiveCfg = Release|Any CPU
		{E4473AEC-F94B-494A-BCB5-6A3A25533784}.Release|Any CPU.Build.0 = Release|Any CPU
	EndGlobalSection
	GlobalSection(SolutionProperties) = preSolution
		HideSolutionNode = FALSE
	EndGlobalSection
	GlobalSection(ExtensibilityGlobals) = postSolution
		SolutionGuid = {6368B8BA-2326-49DF-9DD2-E6FB46C31C21}
	EndGlobalSection
EndGlobal
